
Microsoft Visual Studio Solution File, Format Version 12.00
# Visual Studio 15
VisualStudioVersion = 15.0.28307.421
MinimumVisualStudioVersion = 10.0.40219.1
Project("{FAE04EC0-301F-11D3-BF4B-00C04F79EFBC}") = "backendAPI", "backendAPI\backendAPI.csproj", "{C3D51423-8A62-48C2-A005-34BE4FA466A4}"
EndProject
Project("{E53339B2-1760-4266-BCC7-CA923CBCF16C}") = "docker-compose", "docker-compose.dcproj", "{E08AD255-9B2A-4400-91E0-2B4D21FA6AEE}"
EndProject
Global
	GlobalSection(SolutionConfigurationPlatforms) = preSolution
		Debug|Any CPU = Debug|Any CPU
		Release|Any CPU = Release|Any CPU
	EndGlobalSection
	GlobalSection(ProjectConfigurationPlatforms) = postSolution
		{C3D51423-8A62-48C2-A005-34BE4FA466A4}.Debug|Any CPU.ActiveCfg = Debug|Any CPU
		{C3D51423-8A62-48C2-A005-34BE4FA466A4}.Debug|Any CPU.Build.0 = Debug|Any CPU
		{C3D51423-8A62-48C2-A005-34BE4FA466A4}.Release|Any CPU.ActiveCfg = Release|Any CPU
		{C3D51423-8A62-48C2-A005-34BE4FA466A4}.Release|Any CPU.Build.0 = Release|Any CPU
		{E08AD255-9B2A-4400-91E0-2B4D21FA6AEE}.Debug|Any CPU.ActiveCfg = Debug|Any CPU
		{E08AD255-9B2A-4400-91E0-2B4D21FA6AEE}.Debug|Any CPU.Build.0 = Debug|Any CPU
		{E08AD255-9B2A-4400-91E0-2B4D21FA6AEE}.Release|Any CPU.ActiveCfg = Release|Any CPU
		{E08AD255-9B2A-4400-91E0-2B4D21FA6AEE}.Release|Any CPU.Build.0 = Release|Any CPU
	EndGlobalSection
	GlobalSection(SolutionProperties) = preSolution
		HideSolutionNode = FALSE
	EndGlobalSection
	GlobalSection(ExtensibilityGlobals) = postSolution
		SolutionGuid = {A21A2576-B00E-4537-B946-CBB13E8B05B8}
	EndGlobalSection
EndGlobal
